
Microsoft Visual Studio Solution File, Format Version 12.00
# Visual Studio Version 16
VisualStudioVersion = 16.0.29613.14
MinimumVisualStudioVersion = 10.0.40219.1
Project("{FAE04EC0-301F-11D3-BF4B-00C04F79EFBC}") = "MVC", "MVC\MVC.csproj", "{CEDCCC54-A408-47C4-BC43-69494378D5FF}"
EndProject
Project("{FAE04EC0-301F-11D3-BF4B-00C04F79EFBC}") = "BEU", "BEU\BEU.csproj", "{04C4AC7C-450A-4CC3-8823-695D6CFCE455}"
EndProject
Global
	GlobalSection(SolutionConfigurationPlatforms) = preSolution
		Debug|Any CPU = Debug|Any CPU
		Release|Any CPU = Release|Any CPU
	EndGlobalSection
	GlobalSection(ProjectConfigurationPlatforms) = postSolution
		{CEDCCC54-A408-47C4-BC43-69494378D5FF}.Debug|Any CPU.ActiveCfg = Debug|Any CPU
		{CEDCCC54-A408-47C4-BC43-69494378D5FF}.Debug|Any CPU.Build.0 = Debug|Any CPU
		{CEDCCC54-A408-47C4-BC43-69494378D5FF}.Release|Any CPU.ActiveCfg = Release|Any CPU
		{CEDCCC54-A408-47C4-BC43-69494378D5FF}.Release|Any CPU.Build.0 = Release|Any CPU
		{04C4AC7C-450A-4CC3-8823-695D6CFCE455}.Debug|Any CPU.ActiveCfg = Debug|Any CPU
		{04C4AC7C-450A-4CC3-8823-695D6CFCE455}.Debug|Any CPU.Build.0 = Debug|Any CPU
		{04C4AC7C-450A-4CC3-8823-695D6CFCE455}.Release|Any CPU.ActiveCfg = Release|Any CPU
		{04C4AC7C-450A-4CC3-8823-695D6CFCE455}.Release|Any CPU.Build.0 = Release|Any CPU
	EndGlobalSection
	GlobalSection(SolutionProperties) = preSolution
		HideSolutionNode = FALSE
	EndGlobalSection
	GlobalSection(ExtensibilityGlobals) = postSolution
		SolutionGuid = {868D3E6D-1021-4FE4-977D-41832D5B07CF}
	EndGlobalSection
EndGlobal
